// !$*UTF8*$!
{
	archiveVersion = 1;
	classes = {
	};
	objectVersion = 46;
	objects = {

/* Begin PBXBuildFile section */
		666411BB1B97071300852B23 /* main.swift in Sources */ = {isa = PBXBuildFile; fileRef = 666411BA1B97071300852B23 /* main.swift */; };
		666411C21B97073C00852B23 /* Dice.swift in Sources */ = {isa = PBXBuildFile; fileRef = 666411C11B97073C00852B23 /* Dice.swift */; };
		666411C41B97076500852B23 /* DiceGame.swift in Sources */ = {isa = PBXBuildFile; fileRef = 666411C31B97076500852B23 /* DiceGame.swift */; };
/* End PBXBuildFile section */

/* Begin PBXCopyFilesBuildPhase section */
		666411B51B97071300852B23 /* CopyFiles */ = {
			isa = PBXCopyFilesBuildPhase;
			buildActionMask = 2147483647;
			dstPath = /usr/share/man/man1/;
			dstSubfolderSpec = 0;
			files = (
			);
			runOnlyForDeploymentPostprocessing = 1;
		};
/* End PBXCopyFilesBuildPhase section */

/* Begin PBXFileReference section */
		666411B71B97071300852B23 /* DiceGame_Swift1.2 */ = {isa = PBXFileReference; explicitFileType = "compiled.mach-o.executable"; includeInIndex = 0; path = DiceGame_Swift1.2; sourceTree = BUILT_PRODUCTS_DIR; };
		666411BA1B97071300852B23 /* main.swift */ = {isa = PBXFileReference; lastKnownFileType = sourcecode.swift; path = main.swift; sourceTree = "<group>"; };
		666411C11B97073C00852B23 /* Dice.swift */ = {isa = PBXFileReference; fileEncoding = 4; lastKnownFileType = sourcecode.swift; path = Dice.swift; sourceTree = "<group>"; };
		666411C31B97076500852B23 /* DiceGame.swift */ = {isa = PBXFileReference; fileEncoding = 4; lastKnownFileType = sourcecode.swift; path = DiceGame.swift; sourceTree = "<group>"; };
/* End PBXFileReference section */

/* Begin PBXFrameworksBuildPhase section */
		666411B41B97071300852B23 /* Frameworks */ = {
			isa = PBXFrameworksBuildPhase;
			buildActionMask = 2147483647;
			files = (
			);
			runOnlyForDeploymentPostprocessing = 0;
		};
/* End PBXFrameworksBuildPhase section */

/* Begin PBXGroup section */
		666411AE1B97071300852B23 = {
			isa = PBXGroup;
			children = (
				666411B91B97071300852B23 /* DiceGame_Swift1.2 */,
				666411B81B97071300852B23 /* Products */,
			);
			sourceTree = "<group>";
		};
		666411B81B97071300852B23 /* Products */ = {
			isa = PBXGroup;
			children = (
				666411B71B97071300852B23 /* DiceGame_Swift1.2 */,
			);
			name = Products;
			sourceTree = "<group>";
		};
		666411B91B97071300852B23 /* DiceGame_Swift1.2 */ = {
			isa = PBXGroup;
			children = (
				666411BA1B97071300852B23 /* main.swift */,
				666411C11B97073C00852B23 /* Dice.swift */,
				666411C31B97076500852B23 /* DiceGame.swift */,
			);
			path = DiceGame_Swift1.2;
			sourceTree = "<group>";
		};
/* End PBXGroup section */

/* Begin PBXNativeTarget section */
		666411B61B97071300852B23 /* DiceGame_Swift1.2 */ = {
			isa = PBXNativeTarget;
			buildConfigurationList = 666411BE1B97071300852B23 /* Build configuration list for PBXNativeTarget "DiceGame_Swift1.2" */;
			buildPhases = (
				666411B31B97071300852B23 /* Sources */,
				666411B41B97071300852B23 /* Frameworks */,
				666411B51B97071300852B23 /* CopyFiles */,
			);
			buildRules = (
			);
			dependencies = (
			);
			name = DiceGame_Swift1.2;
			productName = DiceGame_Swift1.2;
			productReference = 666411B71B97071300852B23 /* DiceGame_Swift1.2 */;
			productType = "com.apple.product-type.tool";
		};
/* End PBXNativeTarget section */

/* Begin PBXProject section */
		666411AF1B97071300852B23 /* Project object */ = {
			isa = PBXProject;
			attributes = {
				LastUpgradeCheck = 0640;
				ORGANIZATIONNAME = "Andreas Bom";
				TargetAttributes = {
					666411B61B97071300852B23 = {
						CreatedOnToolsVersion = 6.4;
					};
				};
			};
			buildConfigurationList = 666411B21B97071300852B23 /* Build configuration list for PBXProject "DiceGame_Swift1.2" */;
			compatibilityVersion = "Xcode 3.2";
			developmentRegion = English;
			hasScannedForEncodings = 0;
			knownRegions = (
				en,
			);
			mainGroup = 666411AE1B97071300852B23;
			productRefGroup = 666411B81B97071300852B23 /* Products */;
			projectDirPath = "";
			projectRoot = "";
			targets = (
				666411B61B97071300852B23 /* DiceGame_Swift1.2 */,
			);
		};
/* End PBXProject section */

/* Begin PBXSourcesBuildPhase section */
		666411B31B97071300852B23 /* Sources */ = {
			isa = PBXSourcesBuildPhase;
			buildActionMask = 2147483647;
			files = (
				666411C41B97076500852B23 /* DiceGame.swift in Sources */,
				666411C21B97073C00852B23 /* Dice.swift in Sources */,
				666411BB1B97071300852B23 /* main.swift in Sources */,
			);
			runOnlyForDeploymentPostprocessing = 0;
		};
/* End PBXSourcesBuildPhase section */

/* Begin XCBuildConfiguration section */
		666411BC1B97071300852B23 /* Debug */ = {
			isa = XCBuildConfiguration;
			buildSettings = {
				ALWAYS_SEARCH_USER_PATHS = NO;
				CLANG_CXX_LANGUAGE_STANDARD = "gnu++0x";
				CLANG_CXX_LIBRARY = "libc++";
				CLANG_ENABLE_MODULES = YES;
				CLANG_ENABLE_OBJC_ARC = YES;
				CLANG_WARN_BOOL_CONVERSION = YES;
				CLANG_WARN_CONSTANT_CONVERSION = YES;
				CLANG_WARN_DIRECT_OBJC_ISA_USAGE = YES_ERROR;
				CLANG_WARN_EMPTY_BODY = YES;
				CLANG_WARN_ENUM_CONVERSION = YES;
				CLANG_WARN_INT_CONVERSION = YES;
				CLANG_WARN_OBJC_ROOT_CLASS = YES_ERROR;
				CLANG_WARN_UNREACHABLE_CODE = YES;
				CLANG_WARN__DUPLICATE_METHOD_MATCH = YES;
				COPY_PHASE_STRIP = NO;
				DEBUG_INFORMATION_FORMAT = dwarf;
				ENABLE_STRICT_OBJC_MSGSEND = YES;
				GCC_C_LANGUAGE_STANDARD = gnu99;
				GCC_DYNAMIC_NO_PIC = NO;
				GCC_NO_COMMON_BLOCKS = YES;
				GCC_OPTIMIZATION_LEVEL = 0;
				GCC_PREPROCESSOR_DEFINITIONS = (
					"DEBUG=1",
					"$(inherited)",
				);
				GCC_SYMBOLS_PRIVATE_EXTERN = NO;
				GCC_WARN_64_TO_32_BIT_CONVERSION = YES;
				GCC_WARN_ABOUT_RETURN_TYPE = YES_ERROR;
				GCC_WARN_UNDECLARED_SELECTOR = YES;
				GCC_WARN_UNINITIALIZED_AUTOS = YES_AGGRESSIVE;
				GCC_WARN_UNUSED_FUNCTION = YES;
				GCC_WARN_UNUSED_VARIABLE = YES;
				MACOSX_DEPLOYMENT_TARGET = 10.10;
				MTL_ENABLE_DEBUG_INFO = YES;
				ONLY_ACTIVE_ARCH = YES;
				SDKROOT = macosx;
				SWIFT_OPTIMIZATION_LEVEL = "-Onone";
			};
			name = Debug;
		};
		666411BD1B97071300852B23 /* Release */ = {
			isa = XCBuildConfiguration;
			buildSettings = {
				ALWAYS_SEARCH_USER_PATHS = NO;
				CLANG_CXX_LANGUAGE_STANDARD = "gnu++0x";
				CLANG_CXX_LIBRARY = "libc++";
				CLANG_ENABLE_MODULES = YES;
				CLANG_ENABLE_OBJC_ARC = YES;
				CLANG_WARN_BOOL_CONVERSION = YES;
				CLANG_WARN_CONSTANT_CONVERSION = YES;
				CLANG_WARN_DIRECT_OBJC_ISA_USAGE = YES_ERROR;
				CLANG_WARN_EMPTY_BODY = YES;
				CLANG_WARN_ENUM_CONVERSION = YES;
				CLANG_WARN_INT_CONVERSION = YES;
				CLANG_WARN_OBJC_ROOT_CLASS = YES_ERROR;
				CLANG_WARN_UNREACHABLE_CODE = YES;
				CLANG_WARN__DUPLICATE_METHOD_MATCH = YES;
				COPY_PHASE_STRIP = NO;
				DEBUG_INFORMATION_FORMAT = "dwarf-with-dsym";
				ENABLE_NS_ASSERTIONS = NO;
				ENABLE_STRICT_OBJC_MSGSEND = YES;
				GCC_C_LANGUAGE_STANDARD = gnu99;
				GCC_NO_COMMON_BLOCKS = YES;
				GCC_WARN_64_TO_32_BIT_CONVERSION = YES;
				GCC_WARN_ABOUT_RETURN_TYPE = YES_ERROR;
				GCC_WARN_UNDECLARED_SELECTOR = YES;
				GCC_WARN_UNINITIALIZED_AUTOS = YES_AGGRESSIVE;
				GCC_WARN_UNUSED_FUNCTION = YES;
				GCC_WARN_UNUSED_VARIABLE = YES;
				MACOSX_DEPLOYMENT_TARGET = 10.10;
				MTL_ENABLE_DEBUG_INFO = NO;
				SDKROOT = macosx;
			};
			name = Release;
		};
		666411BF1B97071300852B23 /* Debug */ = {
			isa = XCBuildConfiguration;
			buildSettings = {
				PRODUCT_NAME = "$(TARGET_NAME)";
			};
			name = Debug;
		};
		666411C01B97071300852B23 /* Release */ = {
			isa = XCBuildConfiguration;
			buildSettings = {
				PRODUCT_NAME = "$(TARGET_NAME)";
			};
			name = Release;
		};
/* End XCBuildConfiguration section */

/* Begin XCConfigurationList section */
		666411B21B97071300852B23 /* Build configuration list for PBXProject "DiceGame_Swift1.2" */ = {
			isa = XCConfigurationList;
			buildConfigurations = (
				666411BC1B97071300852B23 /* Debug */,
				666411BD1B97071300852B23 /* Release */,
			);
			defaultConfigurationIsVisible = 0;
			defaultConfigurationName = Release;
		};
		666411BE1B97071300852B23 /* Build configuration list for PBXNativeTarget "DiceGame_Swift1.2" */ = {
			isa = XCConfigurationList;
			buildConfigurations = (
				666411BF1B97071300852B23 /* Debug */,
				666411C01B97071300852B23 /* Release */,
			);
			defaultConfigurationIsVisible = 0;
		};
/* End XCConfigurationList section */
	};
	rootObject = 666411AF1B97071300852B23 /* Project object */;
}
