// !$*UTF8*$!
{
	archiveVersion = 1;
	classes = {
	};
	objectVersion = 46;
	objects = {

/* Begin PBXBuildFile section */
		6B1D5FF81DD8A3F0004D7CA6 /* main.swift in Sources */ = {isa = PBXBuildFile; fileRef = 6B1D5FF71DD8A3F0004D7CA6 /* main.swift */; };
		6B1D60021DD8A436004D7CA6 /* Dice.swift in Sources */ = {isa = PBXBuildFile; fileRef = 6B1D60011DD8A436004D7CA6 /* Dice.swift */; };
		6B1D60041DD8A47F004D7CA6 /* DiceGame.swift in Sources */ = {isa = PBXBuildFile; fileRef = 6B1D60031DD8A47F004D7CA6 /* DiceGame.swift */; };
		6B1D60061DD8A50C004D7CA6 /* IDiceRolledObserver.swift in Sources */ = {isa = PBXBuildFile; fileRef = 6B1D60051DD8A50C004D7CA6 /* IDiceRolledObserver.swift */; };
		6B1D60091DD8A840004D7CA6 /* IView.swift in Sources */ = {isa = PBXBuildFile; fileRef = 6B1D60081DD8A840004D7CA6 /* IView.swift */; };
		6B1D600B1DD8A850004D7CA6 /* Console.swift in Sources */ = {isa = PBXBuildFile; fileRef = 6B1D600A1DD8A850004D7CA6 /* Console.swift */; };
		6B1D600D1DD8A860004D7CA6 /* SweConsole.swift in Sources */ = {isa = PBXBuildFile; fileRef = 6B1D600C1DD8A860004D7CA6 /* SweConsole.swift */; };
		6B1D60101DD8A8D6004D7CA6 /* Player.swift in Sources */ = {isa = PBXBuildFile; fileRef = 6B1D600F1DD8A8D6004D7CA6 /* Player.swift */; };
/* End PBXBuildFile section */

/* Begin PBXCopyFilesBuildPhase section */
		6B1D5FF21DD8A3F0004D7CA6 /* CopyFiles */ = {
			isa = PBXCopyFilesBuildPhase;
			buildActionMask = 2147483647;
			dstPath = /usr/share/man/man1/;
			dstSubfolderSpec = 0;
			files = (
			);
			runOnlyForDeploymentPostprocessing = 1;
		};
/* End PBXCopyFilesBuildPhase section */

/* Begin PBXFileReference section */
		6B1D5FF41DD8A3F0004D7CA6 /* MVC_O_DiceGame_Swift_3.0.1 */ = {isa = PBXFileReference; explicitFileType = "compiled.mach-o.executable"; includeInIndex = 0; path = MVC_O_DiceGame_Swift_3.0.1; sourceTree = BUILT_PRODUCTS_DIR; };
		6B1D5FF71DD8A3F0004D7CA6 /* main.swift */ = {isa = PBXFileReference; lastKnownFileType = sourcecode.swift; name = main.swift; path = MVC_O_DiceGame_Swift_3.0.1/main.swift; sourceTree = "<group>"; };
		6B1D60011DD8A436004D7CA6 /* Dice.swift */ = {isa = PBXFileReference; fileEncoding = 4; lastKnownFileType = sourcecode.swift; name = Dice.swift; path = MVC_O_DiceGame_Swift_3.0.1/model/Dice.swift; sourceTree = "<group>"; };
		6B1D60031DD8A47F004D7CA6 /* DiceGame.swift */ = {isa = PBXFileReference; fileEncoding = 4; lastKnownFileType = sourcecode.swift; name = DiceGame.swift; path = MVC_O_DiceGame_Swift_3.0.1/model/DiceGame.swift; sourceTree = "<group>"; };
		6B1D60051DD8A50C004D7CA6 /* IDiceRolledObserver.swift */ = {isa = PBXFileReference; fileEncoding = 4; lastKnownFileType = sourcecode.swift; name = IDiceRolledObserver.swift; path = MVC_O_DiceGame_Swift_3.0.1/model/IDiceRolledObserver.swift; sourceTree = "<group>"; };
		6B1D60081DD8A840004D7CA6 /* IView.swift */ = {isa = PBXFileReference; fileEncoding = 4; lastKnownFileType = sourcecode.swift; name = IView.swift; path = MVC_O_DiceGame_Swift_3.0.1/view/IView.swift; sourceTree = "<group>"; };
		6B1D600A1DD8A850004D7CA6 /* Console.swift */ = {isa = PBXFileReference; fileEncoding = 4; lastKnownFileType = sourcecode.swift; name = Console.swift; path = MVC_O_DiceGame_Swift_3.0.1/view/Console.swift; sourceTree = "<group>"; };
		6B1D600C1DD8A860004D7CA6 /* SweConsole.swift */ = {isa = PBXFileReference; fileEncoding = 4; lastKnownFileType = sourcecode.swift; name = SweConsole.swift; path = MVC_O_DiceGame_Swift_3.0.1/view/SweConsole.swift; sourceTree = "<group>"; };
		6B1D600F1DD8A8D6004D7CA6 /* Player.swift */ = {isa = PBXFileReference; fileEncoding = 4; lastKnownFileType = sourcecode.swift; name = Player.swift; path = MVC_O_DiceGame_Swift_3.0.1/controller/Player.swift; sourceTree = "<group>"; };
/* End PBXFileReference section */

/* Begin PBXFrameworksBuildPhase section */
		6B1D5FF11DD8A3F0004D7CA6 /* Frameworks */ = {
			isa = PBXFrameworksBuildPhase;
			buildActionMask = 2147483647;
			files = (
			);
			runOnlyForDeploymentPostprocessing = 0;
		};
/* End PBXFrameworksBuildPhase section */

/* Begin PBXGroup section */
		6B1D5FEB1DD8A3F0004D7CA6 = {
			isa = PBXGroup;
			children = (
				6B1D600E1DD8A8C4004D7CA6 /* controller */,
				6B1D60071DD8A7F9004D7CA6 /* view */,
				6B1D5FFE1DD8A40F004D7CA6 /* model */,
				6B1D5FF71DD8A3F0004D7CA6 /* main.swift */,
				6B1D5FF51DD8A3F0004D7CA6 /* Products */,
			);
			sourceTree = "<group>";
		};
		6B1D5FF51DD8A3F0004D7CA6 /* Products */ = {
			isa = PBXGroup;
			children = (
				6B1D5FF41DD8A3F0004D7CA6 /* MVC_O_DiceGame_Swift_3.0.1 */,
			);
			name = Products;
			sourceTree = "<group>";
		};
		6B1D5FFE1DD8A40F004D7CA6 /* model */ = {
			isa = PBXGroup;
			children = (
				6B1D60011DD8A436004D7CA6 /* Dice.swift */,
				6B1D60031DD8A47F004D7CA6 /* DiceGame.swift */,
				6B1D60051DD8A50C004D7CA6 /* IDiceRolledObserver.swift */,
			);
			name = model;
			sourceTree = "<group>";
		};
		6B1D60071DD8A7F9004D7CA6 /* view */ = {
			isa = PBXGroup;
			children = (
				6B1D60081DD8A840004D7CA6 /* IView.swift */,
				6B1D600A1DD8A850004D7CA6 /* Console.swift */,
				6B1D600C1DD8A860004D7CA6 /* SweConsole.swift */,
			);
			name = view;
			sourceTree = "<group>";
		};
		6B1D600E1DD8A8C4004D7CA6 /* controller */ = {
			isa = PBXGroup;
			children = (
				6B1D600F1DD8A8D6004D7CA6 /* Player.swift */,
			);
			name = controller;
			sourceTree = "<group>";
		};
/* End PBXGroup section */

/* Begin PBXNativeTarget section */
		6B1D5FF31DD8A3F0004D7CA6 /* MVC_O_DiceGame_Swift_3.0.1 */ = {
			isa = PBXNativeTarget;
			buildConfigurationList = 6B1D5FFB1DD8A3F0004D7CA6 /* Build configuration list for PBXNativeTarget "MVC_O_DiceGame_Swift_3.0.1" */;
			buildPhases = (
				6B1D5FF01DD8A3F0004D7CA6 /* Sources */,
				6B1D5FF11DD8A3F0004D7CA6 /* Frameworks */,
				6B1D5FF21DD8A3F0004D7CA6 /* CopyFiles */,
			);
			buildRules = (
			);
			dependencies = (
			);
			name = MVC_O_DiceGame_Swift_3.0.1;
			productName = MVC_O_DiceGame_Swift_3.0.1;
			productReference = 6B1D5FF41DD8A3F0004D7CA6 /* MVC_O_DiceGame_Swift_3.0.1 */;
			productType = "com.apple.product-type.tool";
		};
/* End PBXNativeTarget section */

/* Begin PBXProject section */
		6B1D5FEC1DD8A3F0004D7CA6 /* Project object */ = {
			isa = PBXProject;
			attributes = {
				LastSwiftUpdateCheck = 0810;
				LastUpgradeCheck = 0810;
				ORGANIZATIONNAME = "Sarpreet Singh";
				TargetAttributes = {
					6B1D5FF31DD8A3F0004D7CA6 = {
						CreatedOnToolsVersion = 8.1;
						DevelopmentTeam = G252W7997E;
						ProvisioningStyle = Automatic;
					};
				};
			};
			buildConfigurationList = 6B1D5FEF1DD8A3F0004D7CA6 /* Build configuration list for PBXProject "MVC_O_DiceGame_Swift_3.0.1" */;
			compatibilityVersion = "Xcode 3.2";
			developmentRegion = English;
			hasScannedForEncodings = 0;
			knownRegions = (
				en,
			);
			mainGroup = 6B1D5FEB1DD8A3F0004D7CA6;
			productRefGroup = 6B1D5FF51DD8A3F0004D7CA6 /* Products */;
			projectDirPath = "";
			projectRoot = "";
			targets = (
				6B1D5FF31DD8A3F0004D7CA6 /* MVC_O_DiceGame_Swift_3.0.1 */,
			);
		};
/* End PBXProject section */

/* Begin PBXSourcesBuildPhase section */
		6B1D5FF01DD8A3F0004D7CA6 /* Sources */ = {
			isa = PBXSourcesBuildPhase;
			buildActionMask = 2147483647;
			files = (
				6B1D600D1DD8A860004D7CA6 /* SweConsole.swift in Sources */,
				6B1D60061DD8A50C004D7CA6 /* IDiceRolledObserver.swift in Sources */,
				6B1D600B1DD8A850004D7CA6 /* Console.swift in Sources */,
				6B1D60041DD8A47F004D7CA6 /* DiceGame.swift in Sources */,
				6B1D60101DD8A8D6004D7CA6 /* Player.swift in Sources */,
				6B1D60021DD8A436004D7CA6 /* Dice.swift in Sources */,
				6B1D60091DD8A840004D7CA6 /* IView.swift in Sources */,
				6B1D5FF81DD8A3F0004D7CA6 /* main.swift in Sources */,
			);
			runOnlyForDeploymentPostprocessing = 0;
		};
/* End PBXSourcesBuildPhase section */

/* Begin XCBuildConfiguration section */
		6B1D5FF91DD8A3F0004D7CA6 /* Debug */ = {
			isa = XCBuildConfiguration;
			buildSettings = {
				ALWAYS_SEARCH_USER_PATHS = NO;
				CLANG_ANALYZER_NONNULL = YES;
				CLANG_CXX_LANGUAGE_STANDARD = "gnu++0x";
				CLANG_CXX_LIBRARY = "libc++";
				CLANG_ENABLE_MODULES = YES;
				CLANG_ENABLE_OBJC_ARC = YES;
				CLANG_WARN_BOOL_CONVERSION = YES;
				CLANG_WARN_CONSTANT_CONVERSION = YES;
				CLANG_WARN_DIRECT_OBJC_ISA_USAGE = YES_ERROR;
				CLANG_WARN_DOCUMENTATION_COMMENTS = YES;
				CLANG_WARN_EMPTY_BODY = YES;
				CLANG_WARN_ENUM_CONVERSION = YES;
				CLANG_WARN_INFINITE_RECURSION = YES;
				CLANG_WARN_INT_CONVERSION = YES;
				CLANG_WARN_OBJC_ROOT_CLASS = YES_ERROR;
				CLANG_WARN_SUSPICIOUS_MOVES = YES;
				CLANG_WARN_UNREACHABLE_CODE = YES;
				CLANG_WARN__DUPLICATE_METHOD_MATCH = YES;
				CODE_SIGN_IDENTITY = "-";
				COPY_PHASE_STRIP = NO;
				DEBUG_INFORMATION_FORMAT = dwarf;
				ENABLE_STRICT_OBJC_MSGSEND = YES;
				ENABLE_TESTABILITY = YES;
				GCC_C_LANGUAGE_STANDARD = gnu99;
				GCC_DYNAMIC_NO_PIC = NO;
				GCC_NO_COMMON_BLOCKS = YES;
				GCC_OPTIMIZATION_LEVEL = 0;
				GCC_PREPROCESSOR_DEFINITIONS = (
					"DEBUG=1",
					"$(inherited)",
				);
				GCC_WARN_64_TO_32_BIT_CONVERSION = YES;
				GCC_WARN_ABOUT_RETURN_TYPE = YES_ERROR;
				GCC_WARN_UNDECLARED_SELECTOR = YES;
				GCC_WARN_UNINITIALIZED_AUTOS = YES_AGGRESSIVE;
				GCC_WARN_UNUSED_FUNCTION = YES;
				GCC_WARN_UNUSED_VARIABLE = YES;
				MACOSX_DEPLOYMENT_TARGET = 10.12;
				MTL_ENABLE_DEBUG_INFO = YES;
				ONLY_ACTIVE_ARCH = YES;
				SDKROOT = macosx;
				SWIFT_OPTIMIZATION_LEVEL = "-Onone";
			};
			name = Debug;
		};
		6B1D5FFA1DD8A3F0004D7CA6 /* Release */ = {
			isa = XCBuildConfiguration;
			buildSettings = {
				ALWAYS_SEARCH_USER_PATHS = NO;
				CLANG_ANALYZER_NONNULL = YES;
				CLANG_CXX_LANGUAGE_STANDARD = "gnu++0x";
				CLANG_CXX_LIBRARY = "libc++";
				CLANG_ENABLE_MODULES = YES;
				CLANG_ENABLE_OBJC_ARC = YES;
				CLANG_WARN_BOOL_CONVERSION = YES;
				CLANG_WARN_CONSTANT_CONVERSION = YES;
				CLANG_WARN_DIRECT_OBJC_ISA_USAGE = YES_ERROR;
				CLANG_WARN_DOCUMENTATION_COMMENTS = YES;
				CLANG_WARN_EMPTY_BODY = YES;
				CLANG_WARN_ENUM_CONVERSION = YES;
				CLANG_WARN_INFINITE_RECURSION = YES;
				CLANG_WARN_INT_CONVERSION = YES;
				CLANG_WARN_OBJC_ROOT_CLASS = YES_ERROR;
				CLANG_WARN_SUSPICIOUS_MOVES = YES;
				CLANG_WARN_UNREACHABLE_CODE = YES;
				CLANG_WARN__DUPLICATE_METHOD_MATCH = YES;
				CODE_SIGN_IDENTITY = "-";
				COPY_PHASE_STRIP = NO;
				DEBUG_INFORMATION_FORMAT = "dwarf-with-dsym";
				ENABLE_NS_ASSERTIONS = NO;
				ENABLE_STRICT_OBJC_MSGSEND = YES;
				GCC_C_LANGUAGE_STANDARD = gnu99;
				GCC_NO_COMMON_BLOCKS = YES;
				GCC_WARN_64_TO_32_BIT_CONVERSION = YES;
				GCC_WARN_ABOUT_RETURN_TYPE = YES_ERROR;
				GCC_WARN_UNDECLARED_SELECTOR = YES;
				GCC_WARN_UNINITIALIZED_AUTOS = YES_AGGRESSIVE;
				GCC_WARN_UNUSED_FUNCTION = YES;
				GCC_WARN_UNUSED_VARIABLE = YES;
				MACOSX_DEPLOYMENT_TARGET = 10.12;
				MTL_ENABLE_DEBUG_INFO = NO;
				SDKROOT = macosx;
			};
			name = Release;
		};
		6B1D5FFC1DD8A3F0004D7CA6 /* Debug */ = {
			isa = XCBuildConfiguration;
			buildSettings = {
				DEVELOPMENT_TEAM = G252W7997E;
				PRODUCT_NAME = "$(TARGET_NAME)";
				SWIFT_VERSION = 3.0;
			};
			name = Debug;
		};
		6B1D5FFD1DD8A3F0004D7CA6 /* Release */ = {
			isa = XCBuildConfiguration;
			buildSettings = {
				DEVELOPMENT_TEAM = G252W7997E;
				PRODUCT_NAME = "$(TARGET_NAME)";
				SWIFT_VERSION = 3.0;
			};
			name = Release;
		};
/* End XCBuildConfiguration section */

/* Begin XCConfigurationList section */
		6B1D5FEF1DD8A3F0004D7CA6 /* Build configuration list for PBXProject "MVC_O_DiceGame_Swift_3.0.1" */ = {
			isa = XCConfigurationList;
			buildConfigurations = (
				6B1D5FF91DD8A3F0004D7CA6 /* Debug */,
				6B1D5FFA1DD8A3F0004D7CA6 /* Release */,
			);
			defaultConfigurationIsVisible = 0;
			defaultConfigurationName = Release;
		};
		6B1D5FFB1DD8A3F0004D7CA6 /* Build configuration list for PBXNativeTarget "MVC_O_DiceGame_Swift_3.0.1" */ = {
			isa = XCConfigurationList;
			buildConfigurations = (
				6B1D5FFC1DD8A3F0004D7CA6 /* Debug */,
				6B1D5FFD1DD8A3F0004D7CA6 /* Release */,
			);
			defaultConfigurationIsVisible = 0;
		};
/* End XCConfigurationList section */
	};
	rootObject = 6B1D5FEC1DD8A3F0004D7CA6 /* Project object */;
}
