
Microsoft Visual Studio Solution File, Format Version 12.00
# Visual Studio 2012
Project("{FAE04EC0-301F-11D3-BF4B-00C04F79EFBC}") = "DiceGame", "DiceGame\DiceGame.csproj", "{2F8A6E65-6F1A-484B-9EE1-EA6AE4208FF0}"
EndProject
Global
	GlobalSection(SolutionConfigurationPlatforms) = preSolution
		Debug|Any CPU = Debug|Any CPU
		Release|Any CPU = Release|Any CPU
	EndGlobalSection
	GlobalSection(ProjectConfigurationPlatforms) = postSolution
		{2F8A6E65-6F1A-484B-9EE1-EA6AE4208FF0}.Debug|Any CPU.ActiveCfg = Debug|Any CPU
		{2F8A6E65-6F1A-484B-9EE1-EA6AE4208FF0}.Debug|Any CPU.Build.0 = Debug|Any CPU
		{2F8A6E65-6F1A-484B-9EE1-EA6AE4208FF0}.Release|Any CPU.ActiveCfg = Release|Any CPU
		{2F8A6E65-6F1A-484B-9EE1-EA6AE4208FF0}.Release|Any CPU.Build.0 = Release|Any CPU
	EndGlobalSection
	GlobalSection(SolutionProperties) = preSolution
		HideSolutionNode = FALSE
	EndGlobalSection
EndGlobal
